
Microsoft Visual Studio Solution File, Format Version 12.00
# Visual Studio Version 16
VisualStudioVersion = 16.0.31129.286
MinimumVisualStudioVersion = 10.0.40219.1
Project("{8BC9CEB8-8B4A-11D0-8D11-00A0C91BC942}") = "GameServer", "GameServer\GameServer.vcxproj", "{FDC3B6A3-38C0-41F8-BC84-63AFF4567673}"
EndProject
Project("{8BC9CEB8-8B4A-11D0-8D11-00A0C91BC942}") = "DummyClient", "DummyClient\DummyClient.vcxproj", "{5DF9933C-E39E-46C7-9130-B31D725E6969}"
EndProject
Project("{8BC9CEB8-8B4A-11D0-8D11-00A0C91BC942}") = "ServerCore", "ServerCore\ServerCore.vcxproj", "{E9C549B0-E92E-413C-9224-F4709BC40A94}"
EndProject
Global
	GlobalSection(SolutionConfigurationPlatforms) = preSolution
		Debug|x64 = Debug|x64
		Debug|x86 = Debug|x86
		Release|x64 = Release|x64
		Release|x86 = Release|x86
	EndGlobalSection
	GlobalSection(ProjectConfigurationPlatforms) = postSolution
		{FDC3B6A3-38C0-41F8-BC84-63AFF4567673}.Debug|x64.ActiveCfg = Debug|x64
		{FDC3B6A3-38C0-41F8-BC84-63AFF4567673}.Debug|x64.Build.0 = Debug|x64
		{FDC3B6A3-38C0-41F8-BC84-63AFF4567673}.Debug|x86.ActiveCfg = Debug|Win32
		{FDC3B6A3-38C0-41F8-BC84-63AFF4567673}.Debug|x86.Build.0 = Debug|Win32
		{FDC3B6A3-38C0-41F8-BC84-63AFF4567673}.Release|x64.ActiveCfg = Release|x64
		{FDC3B6A3-38C0-41F8-BC84-63AFF4567673}.Release|x64.Build.0 = Release|x64
		{FDC3B6A3-38C0-41F8-BC84-63AFF4567673}.Release|x86.ActiveCfg = Release|Win32
		{FDC3B6A3-38C0-41F8-BC84-63AFF4567673}.Release|x86.Build.0 = Release|Win32
		{5DF9933C-E39E-46C7-9130-B31D725E6969}.Debug|x64.ActiveCfg = Debug|x64
		{5DF9933C-E39E-46C7-9130-B31D725E6969}.Debug|x64.Build.0 = Debug|x64
		{5DF9933C-E39E-46C7-9130-B31D725E6969}.Debug|x86.ActiveCfg = Debug|Win32
		{5DF9933C-E39E-46C7-9130-B31D725E6969}.Debug|x86.Build.0 = Debug|Win32
		{5DF9933C-E39E-46C7-9130-B31D725E6969}.Release|x64.ActiveCfg = Release|x64
		{5DF9933C-E39E-46C7-9130-B31D725E6969}.Release|x64.Build.0 = Release|x64
		{5DF9933C-E39E-46C7-9130-B31D725E6969}.Release|x86.ActiveCfg = Release|Win32
		{5DF9933C-E39E-46C7-9130-B31D725E6969}.Release|x86.Build.0 = Release|Win32
		{E9C549B0-E92E-413C-9224-F4709BC40A94}.Debug|x64.ActiveCfg = Debug|x64
		{E9C549B0-E92E-413C-9224-F4709BC40A94}.Debug|x64.Build.0 = Debug|x64
		{E9C549B0-E92E-413C-9224-F4709BC40A94}.Debug|x86.ActiveCfg = Debug|Win32
		{E9C549B0-E92E-413C-9224-F4709BC40A94}.Debug|x86.Build.0 = Debug|Win32
		{E9C549B0-E92E-413C-9224-F4709BC40A94}.Release|x64.ActiveCfg = Release|x64
		{E9C549B0-E92E-413C-9224-F4709BC40A94}.Release|x64.Build.0 = Release|x64
		{E9C549B0-E92E-413C-9224-F4709BC40A94}.Release|x86.ActiveCfg = Release|Win32
		{E9C549B0-E92E-413C-9224-F4709BC40A94}.Release|x86.Build.0 = Release|Win32
	EndGlobalSection
	GlobalSection(SolutionProperties) = preSolution
		HideSolutionNode = FALSE
	EndGlobalSection
	GlobalSection(ExtensibilityGlobals) = postSolution
		SolutionGuid = {622BBFF4-053D-498D-91C1-0776AB5BE995}
	EndGlobalSection
EndGlobal
